PODS:
  - AgoraIotLink (1.1.0.2):
    - AgoraRtcEngine_iOS (= 4.0.0-rc.1)
    - AgoraRtm_iOS (= 1.5.0)
    - Alamofire (= 5.6.0)
    - AWSIoT (= 2.27.6)
    - AWSMobileClient (= 2.27.6)
    - EMPush
  - AgoraRtcEngine_iOS (4.0.0-rc.1):
    - AgoraRtcEngine_iOS/AINS (= 4.0.0-rc.1)
    - AgoraRtcEngine_iOS/AudioBeauty (= 4.0.0-rc.1)
    - AgoraRtcEngine_iOS/ClearVision (= 4.0.0-rc.1)
    - AgoraRtcEngine_iOS/ContentInspect (= 4.0.0-rc.1)
    - AgoraRtcEngine_iOS/PVC (= 4.0.0-rc.1)
    - AgoraRtcEngine_iOS/ReplayKit (= 4.0.0-rc.1)
    - AgoraRtcEngine_iOS/RtcBasic (= 4.0.0-rc.1)
    - AgoraRtcEngine_iOS/SpatialAudio (= 4.0.0-rc.1)
    - AgoraRtcEngine_iOS/SuperResolution (= 4.0.0-rc.1)
    - AgoraRtcEngine_iOS/VirtualBackground (= 4.0.0-rc.1)
  - AgoraRtcEngine_iOS/AINS (4.0.0-rc.1)
  - AgoraRtcEngine_iOS/AudioBeauty (4.0.0-rc.1)
  - AgoraRtcEngine_iOS/ClearVision (4.0.0-rc.1)
  - AgoraRtcEngine_iOS/ContentInspect (4.0.0-rc.1)
  - AgoraRtcEngine_iOS/PVC (4.0.0-rc.1)
  - AgoraRtcEngine_iOS/ReplayKit (4.0.0-rc.1)
  - AgoraRtcEngine_iOS/RtcBasic (4.0.0-rc.1)
  - AgoraRtcEngine_iOS/SpatialAudio (4.0.0-rc.1)
  - AgoraRtcEngine_iOS/SuperResolution (4.0.0-rc.1)
  - AgoraRtcEngine_iOS/VirtualBackground (4.0.0-rc.1)
  - AgoraRtm_iOS (1.5.0)
  - Alamofire (5.6.0)
  - AWSAuthCore (2.27.6):
    - AWSCore (= 2.27.6)
  - AWSCognitoIdentityProvider (2.27.6):
    - AWSCognitoIdentityProviderASF (= 2.27.6)
    - AWSCore (= 2.27.6)
  - AWSCognitoIdentityProviderASF (2.27.6):
    - AWSCore (= 2.27.6)
  - AWSCore (2.27.6)
  - AWSIoT (2.27.6):
    - AWSCore (= 2.27.6)
  - AWSMobileClient (2.27.6):
    - AWSAuthCore (= 2.27.6)
    - AWSCognitoIdentityProvider (= 2.27.6)
    - AWSCognitoIdentityProviderASF (= 2.27.6)
    - AWSCore (= 2.27.6)
  - EMPush (0.1.0)
  - SDWebImage (5.12.5):
    - SDWebImage/Core (= 5.12.5)
  - SDWebImage/Core (5.12.5)
  - SDWebImageSwiftUI (2.0.2):
    - SDWebImage (~> 5.10)
  - SwiftDate (6.3.1)

DEPENDENCIES:
  - AgoraIotLink (from `../`)
  - SDWebImageSwiftUI
  - SwiftDate

SPEC REPOS:
  trunk:
    - AgoraRtcEngine_iOS
    - AgoraRtm_iOS
    - Alamofire
    - AWSAuthCore
    - AWSCognitoIdentityProvider
    - AWSCognitoIdentityProviderASF
    - AWSCore
    - AWSIoT
    - AWSMobileClient
    - EMPush
    - SDWebImage
    - SDWebImageSwiftUI
    - SwiftDate

EXTERNAL SOURCES:
  AgoraIotLink:
    :path: "../"

SPEC CHECKSUMS:
  AgoraIotLink: d7385e31706220005b920f00218b05eb06d87d61
  AgoraRtcEngine_iOS: 1b78af79120066c230cf9281d8587813ce6a8323
  AgoraRtm_iOS: d7eed11790c4e9a7db22497d317ed120c981de72
  Alamofire: 0c07058209f211e3d32824f8e0766d7c44ac83b3
  AWSAuthCore: 09226ae8dfc63d1338f503f53a38af2d3156267e
  AWSCognitoIdentityProvider: 9eb24a52488d32b75d8550e8a9d1be36229ae47d
  AWSCognitoIdentityProviderASF: 60d466e143f8bbf9d47d39c1ad58de5044a111b6
  AWSCore: 0b6fa020f5f343a211862d702ba7a067272a60f7
  AWSIoT: e564dc13be3a206a994bd26477b5eb660180ca1e
  AWSMobileClient: e0ad3787f793d14c593379c2dba006e3bdad8bf1
  EMPush: b36c94b4ea33a69523566ead9eb721415f33f121
  SDWebImage: 0905f1b7760fc8ac4198cae0036600d67478751e
  SDWebImageSwiftUI: 8a3923c95108312b03a599ec1498754af55a6819
  SwiftDate: 72d28954e8e1c6c1c0f917ccc8005e4f83c7d4b2

PODFILE CHECKSUM: 2dc9466b78ab1babe011ead978387ae82166559b

COCOAPODS: 1.11.2
